{
  "object": {
    "pins": [
      {
        "package": "RatingControl",
        "repositoryURL": "https://github.com/shaotaoliu/RatingControl",
        "state": {
          "branch": "main",
          "revision": "430c2892683a29d47d020678862915595aa6858b",
          "version": null
        }
      }
    ]
  },
  "version": 1
}
