{
  "object": {
    "pins": [
      {
        "package": "RatingControl",
        "repositoryURL": "https://github.com/shaotaoliu/RatingControl",
        "state": {
          "branch": "main",
          "revision": "b0614fee216a33bd3502e401135c5f325bbce9ab",
          "version": null
        }
      }
    ]
  },
  "version": 1
}
